PODS:
  - CountdownLabel (4.0.1)
  - MarqueeLabel (4.0.2)
  - NotificationBannerSwift (3.0.2):
    - MarqueeLabel (~> 4.0.0)
    - SnapKit (~> 5.0.0)
  - paper-onboarding (6.1.4)
  - PMAlertController (4.0.0)
  - SnapKit (5.0.1)

DEPENDENCIES:
  - CountdownLabel
  - NotificationBannerSwift
  - paper-onboarding
  - PMAlertController

SPEC REPOS:
  trunk:
    - CountdownLabel
    - MarqueeLabel
    - NotificationBannerSwift
    - paper-onboarding
    - PMAlertController
    - SnapKit

SPEC CHECKSUMS:
  CountdownLabel: c9975e3f329140b5e7d1f45cd63b1300badd1712
  MarqueeLabel: f762aa681ae201f66c1d511858b171f75d83013a
  NotificationBannerSwift: 713e20f21b6105f4a36a00e5d9fa414a930d3d8e
  paper-onboarding: d3f16416e6f42add686117e8b32bfffaad899a79
  PMAlertController: 5fad2da8b9eb687134ed50c3462fed12c3afe976
  SnapKit: 97b92857e3df3a0c71833cce143274bf6ef8e5eb

PODFILE CHECKSUM: 84cc872fc685424ce758a9d36dbc7ad9914595c6

COCOAPODS: 1.8.4
